
Microsoft Visual Studio Solution File, Format Version 12.00
# Visual Studio Version 16
VisualStudioVersion = 16.0.31515.178
MinimumVisualStudioVersion = 10.0.40219.1
Project("{FAE04EC0-301F-11D3-BF4B-00C04F79EFBC}") = "Alternative-ShadowCurtain", "src\Alternative-ShadowCurtain\Alternative-ShadowCurtain.csproj", "{03944BF7-17EE-4895-A279-9686561A883E}"
EndProject
Project("{FAE04EC0-301F-11D3-BF4B-00C04F79EFBC}") = "Better-PainEqualsHappiness", "src\Better-PainEqualsHappiness\Better-PainEqualsHappiness.csproj", "{19F32F46-7F2F-40EC-8D10-425E017E16B5}"
EndProject
Project("{FAE04EC0-301F-11D3-BF4B-00C04F79EFBC}") = "More-cursed-battles", "src\More-cursed-battles\More-cursed-battles.csproj", "{5BE30F7E-CF3F-4A16-9FE4-4EDE86FFFC19}"
EndProject
Project("{FAE04EC0-301F-11D3-BF4B-00C04F79EFBC}") = "Lift-Curse-Card-placement", "src\Lift-Curse-Card-placement\Lift-Curse-Card-placement.csproj", "{36BE8C8A-31CF-48EA-BDAA-370B2566ADFA}"
EndProject
Project("{FAE04EC0-301F-11D3-BF4B-00C04F79EFBC}") = "Remove-elemental-debuff-persistence", "src\Remove-elemental-debuff-persistence\Remove-elemental-debuff-persistence.csproj", "{4F47122E-A054-4043-B8A6-E73FEEA8A5C8}"
EndProject
Project("{FAE04EC0-301F-11D3-BF4B-00C04F79EFBC}") = "Cursed-Bosses", "src\Cursed-Bosses\Cursed-Bosses.csproj", "{5CC5D665-CB74-462D-9E97-51835064AB5A}"
EndProject
Project("{FAE04EC0-301F-11D3-BF4B-00C04F79EFBC}") = "Randomizer", "src\Randomizer\Randomizer.csproj", "{8F168850-DD2F-456A-97E0-8133E2B2DD05}"
EndProject
Project("{FAE04EC0-301F-11D3-BF4B-00C04F79EFBC}") = "Remove-hitcap", "src\Remove-hitcap\Remove-hitcap.csproj", "{A58E71E6-F09C-4A0C-A646-0C985D24C93D}"
EndProject
Project("{FAE04EC0-301F-11D3-BF4B-00C04F79EFBC}") = "Alter-mana-restrictions", "src\Alter-mana-restrictions\Alter-mana-restrictions.csproj", "{9378960C-1612-49D8-B7F7-2C6C46AEAAC8}"
EndProject
Project("{FAE04EC0-301F-11D3-BF4B-00C04F79EFBC}") = "Narhan-Rework", "src\Narhan-Rework\Narhan-Rework.csproj", "{357C53BC-4D44-4DFC-A90F-5F94082A0CF5}"
EndProject
Project("{FAE04EC0-301F-11D3-BF4B-00C04F79EFBC}") = "3-turn-tfk", "src\3-turn-tfk\3-turn-tfk.csproj", "{9EA22987-EAB2-436A-9BA4-9D4E427C0E46}"
EndProject
Project("{FAE04EC0-301F-11D3-BF4B-00C04F79EFBC}") = "Select_skills_on_Normal", "src\Select_skills_on_Normal\Select_skills_on_Normal.csproj", "{9389DF25-F4A7-4FFD-8DB4-9A3CF4D00F0D}"
EndProject
Project("{FAE04EC0-301F-11D3-BF4B-00C04F79EFBC}") = "Faster_roulette", "src\Faster_rolette\Faster_roulette.csproj", "{258AADE7-C5F8-4595-809A-5B94D0B8D2ED}"
EndProject
Project("{FAE04EC0-301F-11D3-BF4B-00C04F79EFBC}") = "Eve_NO", "src\Eve_NO\Eve_NO.csproj", "{3AF68AC5-BF18-4D5F-8710-AD2D0B88B576}"
EndProject
Project("{FAE04EC0-301F-11D3-BF4B-00C04F79EFBC}") = "Recruit_Clones", "src\Recruit_Clones\Recruit_Clones.csproj", "{FB2B0232-64CF-4B13-BFBF-3B44EB96B8D1}"
EndProject
Project("{FAE04EC0-301F-11D3-BF4B-00C04F79EFBC}") = "EasyCWaccess", "src\EasyCWaccess\EasyCWaccess.csproj", "{F93EC0C8-A304-41A3-BF21-21D597C97455}"
EndProject
Project("{FAE04EC0-301F-11D3-BF4B-00C04F79EFBC}") = "PlayableLucy", "src\PlayableLucy\PlayableLucy.csproj", "{8CB71EBE-FCF2-495D-AC38-F7B7DB9A2B39}"
EndProject
Project("{FAE04EC0-301F-11D3-BF4B-00C04F79EFBC}") = "SwiftnessRework", "src\SwiftnessRework\SwiftnessRework.csproj", "{006AE89D-6DE3-4150-88E0-F162511C34C6}"
EndProject
Global
	GlobalSection(SolutionConfigurationPlatforms) = preSolution
		Debug|Any CPU = Debug|Any CPU
		Release|Any CPU = Release|Any CPU
	EndGlobalSection
	GlobalSection(ProjectConfigurationPlatforms) = postSolution
		{03944BF7-17EE-4895-A279-9686561A883E}.Debug|Any CPU.ActiveCfg = Debug|Any CPU
		{03944BF7-17EE-4895-A279-9686561A883E}.Debug|Any CPU.Build.0 = Debug|Any CPU
		{03944BF7-17EE-4895-A279-9686561A883E}.Release|Any CPU.ActiveCfg = Release|Any CPU
		{03944BF7-17EE-4895-A279-9686561A883E}.Release|Any CPU.Build.0 = Release|Any CPU
		{19F32F46-7F2F-40EC-8D10-425E017E16B5}.Debug|Any CPU.ActiveCfg = Debug|Any CPU
		{19F32F46-7F2F-40EC-8D10-425E017E16B5}.Debug|Any CPU.Build.0 = Debug|Any CPU
		{19F32F46-7F2F-40EC-8D10-425E017E16B5}.Release|Any CPU.ActiveCfg = Release|Any CPU
		{19F32F46-7F2F-40EC-8D10-425E017E16B5}.Release|Any CPU.Build.0 = Release|Any CPU
		{5BE30F7E-CF3F-4A16-9FE4-4EDE86FFFC19}.Debug|Any CPU.ActiveCfg = Debug|Any CPU
		{5BE30F7E-CF3F-4A16-9FE4-4EDE86FFFC19}.Debug|Any CPU.Build.0 = Debug|Any CPU
		{5BE30F7E-CF3F-4A16-9FE4-4EDE86FFFC19}.Release|Any CPU.ActiveCfg = Release|Any CPU
		{5BE30F7E-CF3F-4A16-9FE4-4EDE86FFFC19}.Release|Any CPU.Build.0 = Release|Any CPU
		{36BE8C8A-31CF-48EA-BDAA-370B2566ADFA}.Debug|Any CPU.ActiveCfg = Debug|Any CPU
		{36BE8C8A-31CF-48EA-BDAA-370B2566ADFA}.Debug|Any CPU.Build.0 = Debug|Any CPU
		{36BE8C8A-31CF-48EA-BDAA-370B2566ADFA}.Release|Any CPU.ActiveCfg = Release|Any CPU
		{36BE8C8A-31CF-48EA-BDAA-370B2566ADFA}.Release|Any CPU.Build.0 = Release|Any CPU
		{4F47122E-A054-4043-B8A6-E73FEEA8A5C8}.Debug|Any CPU.ActiveCfg = Debug|Any CPU
		{4F47122E-A054-4043-B8A6-E73FEEA8A5C8}.Debug|Any CPU.Build.0 = Debug|Any CPU
		{4F47122E-A054-4043-B8A6-E73FEEA8A5C8}.Release|Any CPU.ActiveCfg = Release|Any CPU
		{4F47122E-A054-4043-B8A6-E73FEEA8A5C8}.Release|Any CPU.Build.0 = Release|Any CPU
		{5CC5D665-CB74-462D-9E97-51835064AB5A}.Debug|Any CPU.ActiveCfg = Debug|Any CPU
		{5CC5D665-CB74-462D-9E97-51835064AB5A}.Debug|Any CPU.Build.0 = Debug|Any CPU
		{5CC5D665-CB74-462D-9E97-51835064AB5A}.Release|Any CPU.ActiveCfg = Release|Any CPU
		{5CC5D665-CB74-462D-9E97-51835064AB5A}.Release|Any CPU.Build.0 = Release|Any CPU
		{8F168850-DD2F-456A-97E0-8133E2B2DD05}.Debug|Any CPU.ActiveCfg = Debug|Any CPU
		{8F168850-DD2F-456A-97E0-8133E2B2DD05}.Debug|Any CPU.Build.0 = Debug|Any CPU
		{8F168850-DD2F-456A-97E0-8133E2B2DD05}.Release|Any CPU.ActiveCfg = Release|Any CPU
		{8F168850-DD2F-456A-97E0-8133E2B2DD05}.Release|Any CPU.Build.0 = Release|Any CPU
		{A58E71E6-F09C-4A0C-A646-0C985D24C93D}.Debug|Any CPU.ActiveCfg = Debug|Any CPU
		{A58E71E6-F09C-4A0C-A646-0C985D24C93D}.Debug|Any CPU.Build.0 = Debug|Any CPU
		{A58E71E6-F09C-4A0C-A646-0C985D24C93D}.Release|Any CPU.ActiveCfg = Release|Any CPU
		{A58E71E6-F09C-4A0C-A646-0C985D24C93D}.Release|Any CPU.Build.0 = Release|Any CPU
		{9378960C-1612-49D8-B7F7-2C6C46AEAAC8}.Debug|Any CPU.ActiveCfg = Debug|Any CPU
		{9378960C-1612-49D8-B7F7-2C6C46AEAAC8}.Debug|Any CPU.Build.0 = Debug|Any CPU
		{9378960C-1612-49D8-B7F7-2C6C46AEAAC8}.Release|Any CPU.ActiveCfg = Release|Any CPU
		{9378960C-1612-49D8-B7F7-2C6C46AEAAC8}.Release|Any CPU.Build.0 = Release|Any CPU
		{357C53BC-4D44-4DFC-A90F-5F94082A0CF5}.Debug|Any CPU.ActiveCfg = Debug|Any CPU
		{357C53BC-4D44-4DFC-A90F-5F94082A0CF5}.Debug|Any CPU.Build.0 = Debug|Any CPU
		{357C53BC-4D44-4DFC-A90F-5F94082A0CF5}.Release|Any CPU.ActiveCfg = Release|Any CPU
		{357C53BC-4D44-4DFC-A90F-5F94082A0CF5}.Release|Any CPU.Build.0 = Release|Any CPU
		{9EA22987-EAB2-436A-9BA4-9D4E427C0E46}.Debug|Any CPU.ActiveCfg = Debug|Any CPU
		{9EA22987-EAB2-436A-9BA4-9D4E427C0E46}.Debug|Any CPU.Build.0 = Debug|Any CPU
		{9EA22987-EAB2-436A-9BA4-9D4E427C0E46}.Release|Any CPU.ActiveCfg = Release|Any CPU
		{9EA22987-EAB2-436A-9BA4-9D4E427C0E46}.Release|Any CPU.Build.0 = Release|Any CPU
		{9389DF25-F4A7-4FFD-8DB4-9A3CF4D00F0D}.Debug|Any CPU.ActiveCfg = Debug|Any CPU
		{9389DF25-F4A7-4FFD-8DB4-9A3CF4D00F0D}.Debug|Any CPU.Build.0 = Debug|Any CPU
		{9389DF25-F4A7-4FFD-8DB4-9A3CF4D00F0D}.Release|Any CPU.ActiveCfg = Release|Any CPU
		{9389DF25-F4A7-4FFD-8DB4-9A3CF4D00F0D}.Release|Any CPU.Build.0 = Release|Any CPU
		{258AADE7-C5F8-4595-809A-5B94D0B8D2ED}.Debug|Any CPU.ActiveCfg = Debug|Any CPU
		{258AADE7-C5F8-4595-809A-5B94D0B8D2ED}.Debug|Any CPU.Build.0 = Debug|Any CPU
		{258AADE7-C5F8-4595-809A-5B94D0B8D2ED}.Release|Any CPU.ActiveCfg = Release|Any CPU
		{258AADE7-C5F8-4595-809A-5B94D0B8D2ED}.Release|Any CPU.Build.0 = Release|Any CPU
		{3AF68AC5-BF18-4D5F-8710-AD2D0B88B576}.Debug|Any CPU.ActiveCfg = Debug|Any CPU
		{3AF68AC5-BF18-4D5F-8710-AD2D0B88B576}.Debug|Any CPU.Build.0 = Debug|Any CPU
		{3AF68AC5-BF18-4D5F-8710-AD2D0B88B576}.Release|Any CPU.ActiveCfg = Release|Any CPU
		{3AF68AC5-BF18-4D5F-8710-AD2D0B88B576}.Release|Any CPU.Build.0 = Release|Any CPU
		{FB2B0232-64CF-4B13-BFBF-3B44EB96B8D1}.Debug|Any CPU.ActiveCfg = Debug|Any CPU
		{FB2B0232-64CF-4B13-BFBF-3B44EB96B8D1}.Debug|Any CPU.Build.0 = Debug|Any CPU
		{FB2B0232-64CF-4B13-BFBF-3B44EB96B8D1}.Release|Any CPU.ActiveCfg = Release|Any CPU
		{FB2B0232-64CF-4B13-BFBF-3B44EB96B8D1}.Release|Any CPU.Build.0 = Release|Any CPU
		{F93EC0C8-A304-41A3-BF21-21D597C97455}.Debug|Any CPU.ActiveCfg = Debug|Any CPU
		{F93EC0C8-A304-41A3-BF21-21D597C97455}.Debug|Any CPU.Build.0 = Debug|Any CPU
		{F93EC0C8-A304-41A3-BF21-21D597C97455}.Release|Any CPU.ActiveCfg = Release|Any CPU
		{F93EC0C8-A304-41A3-BF21-21D597C97455}.Release|Any CPU.Build.0 = Release|Any CPU
		{8CB71EBE-FCF2-495D-AC38-F7B7DB9A2B39}.Debug|Any CPU.ActiveCfg = Debug|Any CPU
		{8CB71EBE-FCF2-495D-AC38-F7B7DB9A2B39}.Debug|Any CPU.Build.0 = Debug|Any CPU
		{8CB71EBE-FCF2-495D-AC38-F7B7DB9A2B39}.Release|Any CPU.ActiveCfg = Release|Any CPU
		{8CB71EBE-FCF2-495D-AC38-F7B7DB9A2B39}.Release|Any CPU.Build.0 = Release|Any CPU
		{006AE89D-6DE3-4150-88E0-F162511C34C6}.Debug|Any CPU.ActiveCfg = Debug|Any CPU
		{006AE89D-6DE3-4150-88E0-F162511C34C6}.Debug|Any CPU.Build.0 = Debug|Any CPU
		{006AE89D-6DE3-4150-88E0-F162511C34C6}.Release|Any CPU.ActiveCfg = Release|Any CPU
		{006AE89D-6DE3-4150-88E0-F162511C34C6}.Release|Any CPU.Build.0 = Release|Any CPU
	EndGlobalSection
	GlobalSection(SolutionProperties) = preSolution
		HideSolutionNode = FALSE
	EndGlobalSection
	GlobalSection(ExtensibilityGlobals) = postSolution
		SolutionGuid = {BCB05733-9157-40E7-AB43-E60CC6FBA2C1}
	EndGlobalSection
EndGlobal
