
Microsoft Visual Studio Solution File, Format Version 12.00
# Visual Studio Version 16
VisualStudioVersion = 16.0.31515.178
MinimumVisualStudioVersion = 10.0.40219.1
Project("{FAE04EC0-301F-11D3-BF4B-00C04F79EFBC}") = "Alternative-ShadowCurtain", "src\Alternative-ShadowCurtain\Alternative-ShadowCurtain.csproj", "{03944BF7-17EE-4895-A279-9686561A883E}"
EndProject
Project("{FAE04EC0-301F-11D3-BF4B-00C04F79EFBC}") = "Better-PainEqualsHappiness", "src\Better-PainEqualsHappiness\Better-PainEqualsHappiness.csproj", "{19F32F46-7F2F-40EC-8D10-425E017E16B5}"
EndProject
Project("{FAE04EC0-301F-11D3-BF4B-00C04F79EFBC}") = "More-cursed-battles", "src\More-cursed-battles\More-cursed-battles.csproj", "{5BE30F7E-CF3F-4A16-9FE4-4EDE86FFFC19}"
EndProject
Project("{FAE04EC0-301F-11D3-BF4B-00C04F79EFBC}") = "Lift-Curse-Card-placement", "src\Lift-Curse-Card-placement\Lift-Curse-Card-placement.csproj", "{36BE8C8A-31CF-48EA-BDAA-370B2566ADFA}"
EndProject
Project("{FAE04EC0-301F-11D3-BF4B-00C04F79EFBC}") = "Remove-elemental-debuff-persistence", "src\Remove-elemental-debuff-persistence\Remove-elemental-debuff-persistence.csproj", "{4F47122E-A054-4043-B8A6-E73FEEA8A5C8}"
EndProject
Project("{FAE04EC0-301F-11D3-BF4B-00C04F79EFBC}") = "Cursed-Bosses", "src\Cursed-Bosses\Cursed-Bosses.csproj", "{5CC5D665-CB74-462D-9E97-51835064AB5A}"
EndProject
Project("{FAE04EC0-301F-11D3-BF4B-00C04F79EFBC}") = "Randomizer", "src\Randomizer\Randomizer.csproj", "{8F168850-DD2F-456A-97E0-8133E2B2DD05}"
EndProject
Project("{FAE04EC0-301F-11D3-BF4B-00C04F79EFBC}") = "Remove-hitcap", "src\Remove-hitcap\Remove-hitcap.csproj", "{A58E71E6-F09C-4A0C-A646-0C985D24C93D}"
EndProject
Global
	GlobalSection(SolutionConfigurationPlatforms) = preSolution
		Debug|Any CPU = Debug|Any CPU
		Release|Any CPU = Release|Any CPU
	EndGlobalSection
	GlobalSection(ProjectConfigurationPlatforms) = postSolution
		{03944BF7-17EE-4895-A279-9686561A883E}.Debug|Any CPU.ActiveCfg = Debug|Any CPU
		{03944BF7-17EE-4895-A279-9686561A883E}.Debug|Any CPU.Build.0 = Debug|Any CPU
		{03944BF7-17EE-4895-A279-9686561A883E}.Release|Any CPU.ActiveCfg = Release|Any CPU
		{03944BF7-17EE-4895-A279-9686561A883E}.Release|Any CPU.Build.0 = Release|Any CPU
		{19F32F46-7F2F-40EC-8D10-425E017E16B5}.Debug|Any CPU.ActiveCfg = Debug|Any CPU
		{19F32F46-7F2F-40EC-8D10-425E017E16B5}.Debug|Any CPU.Build.0 = Debug|Any CPU
		{19F32F46-7F2F-40EC-8D10-425E017E16B5}.Release|Any CPU.ActiveCfg = Release|Any CPU
		{19F32F46-7F2F-40EC-8D10-425E017E16B5}.Release|Any CPU.Build.0 = Release|Any CPU
		{5BE30F7E-CF3F-4A16-9FE4-4EDE86FFFC19}.Debug|Any CPU.ActiveCfg = Debug|Any CPU
		{5BE30F7E-CF3F-4A16-9FE4-4EDE86FFFC19}.Debug|Any CPU.Build.0 = Debug|Any CPU
		{5BE30F7E-CF3F-4A16-9FE4-4EDE86FFFC19}.Release|Any CPU.ActiveCfg = Release|Any CPU
		{5BE30F7E-CF3F-4A16-9FE4-4EDE86FFFC19}.Release|Any CPU.Build.0 = Release|Any CPU
		{36BE8C8A-31CF-48EA-BDAA-370B2566ADFA}.Debug|Any CPU.ActiveCfg = Debug|Any CPU
		{36BE8C8A-31CF-48EA-BDAA-370B2566ADFA}.Debug|Any CPU.Build.0 = Debug|Any CPU
		{36BE8C8A-31CF-48EA-BDAA-370B2566ADFA}.Release|Any CPU.ActiveCfg = Release|Any CPU
		{36BE8C8A-31CF-48EA-BDAA-370B2566ADFA}.Release|Any CPU.Build.0 = Release|Any CPU
		{4F47122E-A054-4043-B8A6-E73FEEA8A5C8}.Debug|Any CPU.ActiveCfg = Debug|Any CPU
		{4F47122E-A054-4043-B8A6-E73FEEA8A5C8}.Debug|Any CPU.Build.0 = Debug|Any CPU
		{4F47122E-A054-4043-B8A6-E73FEEA8A5C8}.Release|Any CPU.ActiveCfg = Release|Any CPU
		{4F47122E-A054-4043-B8A6-E73FEEA8A5C8}.Release|Any CPU.Build.0 = Release|Any CPU
		{5CC5D665-CB74-462D-9E97-51835064AB5A}.Debug|Any CPU.ActiveCfg = Debug|Any CPU
		{5CC5D665-CB74-462D-9E97-51835064AB5A}.Debug|Any CPU.Build.0 = Debug|Any CPU
		{5CC5D665-CB74-462D-9E97-51835064AB5A}.Release|Any CPU.ActiveCfg = Release|Any CPU
		{5CC5D665-CB74-462D-9E97-51835064AB5A}.Release|Any CPU.Build.0 = Release|Any CPU
		{8F168850-DD2F-456A-97E0-8133E2B2DD05}.Debug|Any CPU.ActiveCfg = Debug|Any CPU
		{8F168850-DD2F-456A-97E0-8133E2B2DD05}.Debug|Any CPU.Build.0 = Debug|Any CPU
		{8F168850-DD2F-456A-97E0-8133E2B2DD05}.Release|Any CPU.ActiveCfg = Release|Any CPU
		{8F168850-DD2F-456A-97E0-8133E2B2DD05}.Release|Any CPU.Build.0 = Release|Any CPU
		{A58E71E6-F09C-4A0C-A646-0C985D24C93D}.Debug|Any CPU.ActiveCfg = Debug|Any CPU
		{A58E71E6-F09C-4A0C-A646-0C985D24C93D}.Debug|Any CPU.Build.0 = Debug|Any CPU
		{A58E71E6-F09C-4A0C-A646-0C985D24C93D}.Release|Any CPU.ActiveCfg = Release|Any CPU
		{A58E71E6-F09C-4A0C-A646-0C985D24C93D}.Release|Any CPU.Build.0 = Release|Any CPU
	EndGlobalSection
	GlobalSection(SolutionProperties) = preSolution
		HideSolutionNode = FALSE
	EndGlobalSection
	GlobalSection(ExtensibilityGlobals) = postSolution
		SolutionGuid = {BCB05733-9157-40E7-AB43-E60CC6FBA2C1}
	EndGlobalSection
EndGlobal
